// !$*UTF8*$!
{
	archiveVersion = 1;
	classes = {
	};
	objectVersion = 51;
	objects = {

/* Begin PBXBuildFile section */
		84B7E766258BAE720057C298 /* AppDelegate.swift in Sources */ = {isa = PBXBuildFile; fileRef = 84B7E765258BAE720057C298 /* AppDelegate.swift */; };
		84B7E768258BAE720057C298 /* SceneDelegate.swift in Sources */ = {isa = PBXBuildFile; fileRef = 84B7E767258BAE720057C298 /* SceneDelegate.swift */; };
		84B7E76A258BAE720057C298 /* ViewController.swift in Sources */ = {isa = PBXBuildFile; fileRef = 84B7E769258BAE720057C298 /* ViewController.swift */; };
		84B7E76D258BAE720057C298 /* Main.storyboard in Resources */ = {isa = PBXBuildFile; fileRef = 84B7E76B258BAE720057C298 /* Main.storyboard */; };
		84B7E76F258BAE730057C298 /* Assets.xcassets in Resources */ = {isa = PBXBuildFile; fileRef = 84B7E76E258BAE730057C298 /* Assets.xcassets */; };
		84B7E772258BAE730057C298 /* LaunchScreen.storyboard in Resources */ = {isa = PBXBuildFile; fileRef = 84B7E770258BAE730057C298 /* LaunchScreen.storyboard */; };
		84B7E781258BC3580057C298 /* LyricViewController.swift in Sources */ = {isa = PBXBuildFile; fileRef = 84B7E780258BC3580057C298 /* LyricViewController.swift */; };
		BB96E8ABCC6FF14872F5843E /* Pods_Lyric.framework in Frameworks */ = {isa = PBXBuildFile; fileRef = C7123B815CE02EBE96859255 /* Pods_Lyric.framework */; };
/* End PBXBuildFile section */

/* Begin PBXFileReference section */
		48281DD076ED5072FA26B069 /* Pods-Lyric.debug.xcconfig */ = {isa = PBXFileReference; includeInIndex = 1; lastKnownFileType = text.xcconfig; name = "Pods-Lyric.debug.xcconfig"; path = "Target Support Files/Pods-Lyric/Pods-Lyric.debug.xcconfig"; sourceTree = "<group>"; };
		84B7E762258BAE720057C298 /* Lyric.app */ = {isa = PBXFileReference; explicitFileType = wrapper.application; includeInIndex = 0; path = Lyric.app; sourceTree = BUILT_PRODUCTS_DIR; };
		84B7E765258BAE720057C298 /* AppDelegate.swift */ = {isa = PBXFileReference; lastKnownFileType = sourcecode.swift; path = AppDelegate.swift; sourceTree = "<group>"; };
		84B7E767258BAE720057C298 /* SceneDelegate.swift */ = {isa = PBXFileReference; lastKnownFileType = sourcecode.swift; path = SceneDelegate.swift; sourceTree = "<group>"; };
		84B7E769258BAE720057C298 /* ViewController.swift */ = {isa = PBXFileReference; lastKnownFileType = sourcecode.swift; path = ViewController.swift; sourceTree = "<group>"; };
		84B7E76C258BAE720057C298 /* Base */ = {isa = PBXFileReference; lastKnownFileType = file.storyboard; name = Base; path = Base.lproj/Main.storyboard; sourceTree = "<group>"; };
		84B7E76E258BAE730057C298 /* Assets.xcassets */ = {isa = PBXFileReference; lastKnownFileType = folder.assetcatalog; path = Assets.xcassets; sourceTree = "<group>"; };
		84B7E771258BAE730057C298 /* Base */ = {isa = PBXFileReference; lastKnownFileType = file.storyboard; name = Base; path = Base.lproj/LaunchScreen.storyboard; sourceTree = "<group>"; };
		84B7E773258BAE730057C298 /* Info.plist */ = {isa = PBXFileReference; lastKnownFileType = text.plist.xml; path = Info.plist; sourceTree = "<group>"; };
		84B7E780258BC3580057C298 /* LyricViewController.swift */ = {isa = PBXFileReference; lastKnownFileType = sourcecode.swift; path = LyricViewController.swift; sourceTree = "<group>"; };
		BBD6D0661F91EB6DA28B7AE3 /* Pods-Lyric.release.xcconfig */ = {isa = PBXFileReference; includeInIndex = 1; lastKnownFileType = text.xcconfig; name = "Pods-Lyric.release.xcconfig"; path = "Target Support Files/Pods-Lyric/Pods-Lyric.release.xcconfig"; sourceTree = "<group>"; };
		C7123B815CE02EBE96859255 /* Pods_Lyric.framework */ = {isa = PBXFileReference; explicitFileType = wrapper.framework; includeInIndex = 0; path = Pods_Lyric.framework; sourceTree = BUILT_PRODUCTS_DIR; };
/* End PBXFileReference section */

/* Begin PBXFrameworksBuildPhase section */
		84B7E75F258BAE720057C298 /* Frameworks */ = {
			isa = PBXFrameworksBuildPhase;
			buildActionMask = 2147483647;
			files = (
				BB96E8ABCC6FF14872F5843E /* Pods_Lyric.framework in Frameworks */,
			);
			runOnlyForDeploymentPostprocessing = 0;
		};
/* End PBXFrameworksBuildPhase section */

/* Begin PBXGroup section */
		41D791EEF8DE1F110EB51BA6 /* Frameworks */ = {
			isa = PBXGroup;
			children = (
				C7123B815CE02EBE96859255 /* Pods_Lyric.framework */,
			);
			name = Frameworks;
			sourceTree = "<group>";
		};
		84B7E759258BAE720057C298 = {
			isa = PBXGroup;
			children = (
				84B7E764258BAE720057C298 /* Lyric */,
				84B7E763258BAE720057C298 /* Products */,
				ABDB07F7FDC91772FC0F877B /* Pods */,
				41D791EEF8DE1F110EB51BA6 /* Frameworks */,
			);
			sourceTree = "<group>";
		};
		84B7E763258BAE720057C298 /* Products */ = {
			isa = PBXGroup;
			children = (
				84B7E762258BAE720057C298 /* Lyric.app */,
			);
			name = Products;
			sourceTree = "<group>";
		};
		84B7E764258BAE720057C298 /* Lyric */ = {
			isa = PBXGroup;
			children = (
				84B7E765258BAE720057C298 /* AppDelegate.swift */,
				84B7E767258BAE720057C298 /* SceneDelegate.swift */,
				84B7E769258BAE720057C298 /* ViewController.swift */,
				84B7E780258BC3580057C298 /* LyricViewController.swift */,
				84B7E76B258BAE720057C298 /* Main.storyboard */,
				84B7E76E258BAE730057C298 /* Assets.xcassets */,
				84B7E770258BAE730057C298 /* LaunchScreen.storyboard */,
				84B7E773258BAE730057C298 /* Info.plist */,
			);
			path = Lyric;
			sourceTree = "<group>";
		};
		ABDB07F7FDC91772FC0F877B /* Pods */ = {
			isa = PBXGroup;
			children = (
				48281DD076ED5072FA26B069 /* Pods-Lyric.debug.xcconfig */,
				BBD6D0661F91EB6DA28B7AE3 /* Pods-Lyric.release.xcconfig */,
			);
			path = Pods;
			sourceTree = "<group>";
		};
/* End PBXGroup section */

/* Begin PBXNativeTarget section */
		84B7E761258BAE720057C298 /* Lyric */ = {
			isa = PBXNativeTarget;
			buildConfigurationList = 84B7E776258BAE730057C298 /* Build configuration list for PBXNativeTarget "Lyric" */;
			buildPhases = (
				79B26230665B77E43B3CC9DE /* [CP] Check Pods Manifest.lock */,
				84B7E75E258BAE720057C298 /* Sources */,
				84B7E75F258BAE720057C298 /* Frameworks */,
				84B7E760258BAE720057C298 /* Resources */,
				4D3AF4A5B6634D5A65B9E17E /* [CP] Embed Pods Frameworks */,
			);
			buildRules = (
			);
			dependencies = (
			);
			name = Lyric;
			productName = Lyric;
			productReference = 84B7E762258BAE720057C298 /* Lyric.app */;
			productType = "com.apple.product-type.application";
		};
/* End PBXNativeTarget section */

/* Begin PBXProject section */
		84B7E75A258BAE720057C298 /* Project object */ = {
			isa = PBXProject;
			attributes = {
				LastSwiftUpdateCheck = 1200;
				LastUpgradeCheck = 1200;
				TargetAttributes = {
					84B7E761258BAE720057C298 = {
						CreatedOnToolsVersion = 12.0.1;
					};
				};
			};
			buildConfigurationList = 84B7E75D258BAE720057C298 /* Build configuration list for PBXProject "Lyric" */;
			compatibilityVersion = "Xcode 9.3";
			developmentRegion = en;
			hasScannedForEncodings = 0;
			knownRegions = (
				en,
				Base,
			);
			mainGroup = 84B7E759258BAE720057C298;
			productRefGroup = 84B7E763258BAE720057C298 /* Products */;
			projectDirPath = "";
			projectRoot = "";
			targets = (
				84B7E761258BAE720057C298 /* Lyric */,
			);
		};
/* End PBXProject section */

/* Begin PBXResourcesBuildPhase section */
		84B7E760258BAE720057C298 /* Resources */ = {
			isa = PBXResourcesBuildPhase;
			buildActionMask = 2147483647;
			files = (
				84B7E772258BAE730057C298 /* LaunchScreen.storyboard in Resources */,
				84B7E76F258BAE730057C298 /* Assets.xcassets in Resources */,
				84B7E76D258BAE720057C298 /* Main.storyboard in Resources */,
			);
			runOnlyForDeploymentPostprocessing = 0;
		};
/* End PBXResourcesBuildPhase section */

/* Begin PBXShellScriptBuildPhase section */
		4D3AF4A5B6634D5A65B9E17E /* [CP] Embed Pods Frameworks */ = {
			isa = PBXShellScriptBuildPhase;
			buildActionMask = 2147483647;
			files = (
			);
			inputFileListPaths = (
				"${PODS_ROOT}/Target Support Files/Pods-Lyric/Pods-Lyric-frameworks-${CONFIGURATION}-input-files.xcfilelist",
			);
			name = "[CP] Embed Pods Frameworks";
			outputFileListPaths = (
				"${PODS_ROOT}/Target Support Files/Pods-Lyric/Pods-Lyric-frameworks-${CONFIGURATION}-output-files.xcfilelist",
			);
			runOnlyForDeploymentPostprocessing = 0;
			shellPath = /bin/sh;
			shellScript = "\"${PODS_ROOT}/Target Support Files/Pods-Lyric/Pods-Lyric-frameworks.sh\"\n";
			showEnvVarsInLog = 0;
		};
		79B26230665B77E43B3CC9DE /* [CP] Check Pods Manifest.lock */ = {
			isa = PBXShellScriptBuildPhase;
			buildActionMask = 2147483647;
			files = (
			);
			inputFileListPaths = (
			);
			inputPaths = (
				"${PODS_PODFILE_DIR_PATH}/Podfile.lock",
				"${PODS_ROOT}/Manifest.lock",
			);
			name = "[CP] Check Pods Manifest.lock";
			outputFileListPaths = (
			);
			outputPaths = (
				"$(DERIVED_FILE_DIR)/Pods-Lyric-checkManifestLockResult.txt",
			);
			runOnlyForDeploymentPostprocessing = 0;
			shellPath = /bin/sh;
			shellScript = "diff \"${PODS_PODFILE_DIR_PATH}/Podfile.lock\" \"${PODS_ROOT}/Manifest.lock\" > /dev/null\nif [ $? != 0 ] ; then\n    # print error to STDERR\n    echo \"error: The sandbox is not in sync with the Podfile.lock. Run 'pod install' or update your CocoaPods installation.\" >&2\n    exit 1\nfi\n# This output is used by Xcode 'outputs' to avoid re-running this script phase.\necho \"SUCCESS\" > \"${SCRIPT_OUTPUT_FILE_0}\"\n";
			showEnvVarsInLog = 0;
		};
/* End PBXShellScriptBuildPhase section */

/* Begin PBXSourcesBuildPhase section */
		84B7E75E258BAE720057C298 /* Sources */ = {
			isa = PBXSourcesBuildPhase;
			buildActionMask = 2147483647;
			files = (
				84B7E76A258BAE720057C298 /* ViewController.swift in Sources */,
				84B7E766258BAE720057C298 /* AppDelegate.swift in Sources */,
				84B7E781258BC3580057C298 /* LyricViewController.swift in Sources */,
				84B7E768258BAE720057C298 /* SceneDelegate.swift in Sources */,
			);
			runOnlyForDeploymentPostprocessing = 0;
		};
/* End PBXSourcesBuildPhase section */

/* Begin PBXVariantGroup section */
		84B7E76B258BAE720057C298 /* Main.storyboard */ = {
			isa = PBXVariantGroup;
			children = (
				84B7E76C258BAE720057C298 /* Base */,
			);
			name = Main.storyboard;
			sourceTree = "<group>";
		};
		84B7E770258BAE730057C298 /* LaunchScreen.storyboard */ = {
			isa = PBXVariantGroup;
			children = (
				84B7E771258BAE730057C298 /* Base */,
			);
			name = LaunchScreen.storyboard;
			sourceTree = "<group>";
		};
/* End PBXVariantGroup section */

/* Begin XCBuildConfiguration section */
		84B7E774258BAE730057C298 /* Debug */ = {
			isa = XCBuildConfiguration;
			buildSettings = {
				ALWAYS_SEARCH_USER_PATHS = NO;
				CLANG_ANALYZER_NONNULL = YES;
				CLANG_ANALYZER_NUMBER_OBJECT_CONVERSION = YES_AGGRESSIVE;
				CLANG_CXX_LANGUAGE_STANDARD = "gnu++14";
				CLANG_CXX_LIBRARY = "libc++";
				CLANG_ENABLE_MODULES = YES;
				CLANG_ENABLE_OBJC_ARC = YES;
				CLANG_ENABLE_OBJC_WEAK = YES;
				CLANG_WARN_BLOCK_CAPTURE_AUTORELEASING = YES;
				CLANG_WARN_BOOL_CONVERSION = YES;
				CLANG_WARN_COMMA = YES;
				CLANG_WARN_CONSTANT_CONVERSION = YES;
				CLANG_WARN_DEPRECATED_OBJC_IMPLEMENTATIONS = YES;
				CLANG_WARN_DIRECT_OBJC_ISA_USAGE = YES_ERROR;
				CLANG_WARN_DOCUMENTATION_COMMENTS = YES;
				CLANG_WARN_EMPTY_BODY = YES;
				CLANG_WARN_ENUM_CONVERSION = YES;
				CLANG_WARN_INFINITE_RECURSION = YES;
				CLANG_WARN_INT_CONVERSION = YES;
				CLANG_WARN_NON_LITERAL_NULL_CONVERSION = YES;
				CLANG_WARN_OBJC_IMPLICIT_RETAIN_SELF = YES;
				CLANG_WARN_OBJC_LITERAL_CONVERSION = YES;
				CLANG_WARN_OBJC_ROOT_CLASS = YES_ERROR;
				CLANG_WARN_QUOTED_INCLUDE_IN_FRAMEWORK_HEADER = YES;
				CLANG_WARN_RANGE_LOOP_ANALYSIS = YES;
				CLANG_WARN_STRICT_PROTOTYPES = YES;
				CLANG_WARN_SUSPICIOUS_MOVE = YES;
				CLANG_WARN_UNGUARDED_AVAILABILITY = YES_AGGRESSIVE;
				CLANG_WARN_UNREACHABLE_CODE = YES;
				CLANG_WARN__DUPLICATE_METHOD_MATCH = YES;
				COPY_PHASE_STRIP = NO;
				DEBUG_INFORMATION_FORMAT = dwarf;
				ENABLE_STRICT_OBJC_MSGSEND = YES;
				ENABLE_TESTABILITY = YES;
				GCC_C_LANGUAGE_STANDARD = gnu11;
				GCC_DYNAMIC_NO_PIC = NO;
				GCC_NO_COMMON_BLOCKS = YES;
				GCC_OPTIMIZATION_LEVEL = 0;
				GCC_PREPROCESSOR_DEFINITIONS = (
					"DEBUG=1",
					"$(inherited)",
				);
				GCC_WARN_64_TO_32_BIT_CONVERSION = YES;
				GCC_WARN_ABOUT_RETURN_TYPE = YES_ERROR;
				GCC_WARN_UNDECLARED_SELECTOR = YES;
				GCC_WARN_UNINITIALIZED_AUTOS = YES_AGGRESSIVE;
				GCC_WARN_UNUSED_FUNCTION = YES;
				GCC_WARN_UNUSED_VARIABLE = YES;
				IPHONEOS_DEPLOYMENT_TARGET = 14.0;
				MTL_ENABLE_DEBUG_INFO = INCLUDE_SOURCE;
				MTL_FAST_MATH = YES;
				ONLY_ACTIVE_ARCH = YES;
				SDKROOT = iphoneos;
				SWIFT_ACTIVE_COMPILATION_CONDITIONS = DEBUG;
				SWIFT_OPTIMIZATION_LEVEL = "-Onone";
			};
			name = Debug;
		};
		84B7E775258BAE730057C298 /* Release */ = {
			isa = XCBuildConfiguration;
			buildSettings = {
				ALWAYS_SEARCH_USER_PATHS = NO;
				CLANG_ANALYZER_NONNULL = YES;
				CLANG_ANALYZER_NUMBER_OBJECT_CONVERSION = YES_AGGRESSIVE;
				CLANG_CXX_LANGUAGE_STANDARD = "gnu++14";
				CLANG_CXX_LIBRARY = "libc++";
				CLANG_ENABLE_MODULES = YES;
				CLANG_ENABLE_OBJC_ARC = YES;
				CLANG_ENABLE_OBJC_WEAK = YES;
				CLANG_WARN_BLOCK_CAPTURE_AUTORELEASING = YES;
				CLANG_WARN_BOOL_CONVERSION = YES;
				CLANG_WARN_COMMA = YES;
				CLANG_WARN_CONSTANT_CONVERSION = YES;
				CLANG_WARN_DEPRECATED_OBJC_IMPLEMENTATIONS = YES;
				CLANG_WARN_DIRECT_OBJC_ISA_USAGE = YES_ERROR;
				CLANG_WARN_DOCUMENTATION_COMMENTS = YES;
				CLANG_WARN_EMPTY_BODY = YES;
				CLANG_WARN_ENUM_CONVERSION = YES;
				CLANG_WARN_INFINITE_RECURSION = YES;
				CLANG_WARN_INT_CONVERSION = YES;
				CLANG_WARN_NON_LITERAL_NULL_CONVERSION = YES;
				CLANG_WARN_OBJC_IMPLICIT_RETAIN_SELF = YES;
				CLANG_WARN_OBJC_LITERAL_CONVERSION = YES;
				CLANG_WARN_OBJC_ROOT_CLASS = YES_ERROR;
				CLANG_WARN_QUOTED_INCLUDE_IN_FRAMEWORK_HEADER = YES;
				CLANG_WARN_RANGE_LOOP_ANALYSIS = YES;
				CLANG_WARN_STRICT_PROTOTYPES = YES;
				CLANG_WARN_SUSPICIOUS_MOVE = YES;
				CLANG_WARN_UNGUARDED_AVAILABILITY = YES_AGGRESSIVE;
				CLANG_WARN_UNREACHABLE_CODE = YES;
				CLANG_WARN__DUPLICATE_METHOD_MATCH = YES;
				COPY_PHASE_STRIP = NO;
				DEBUG_INFORMATION_FORMAT = "dwarf-with-dsym";
				ENABLE_NS_ASSERTIONS = NO;
				ENABLE_STRICT_OBJC_MSGSEND = YES;
				GCC_C_LANGUAGE_STANDARD = gnu11;
				GCC_NO_COMMON_BLOCKS = YES;
				GCC_WARN_64_TO_32_BIT_CONVERSION = YES;
				GCC_WARN_ABOUT_RETURN_TYPE = YES_ERROR;
				GCC_WARN_UNDECLARED_SELECTOR = YES;
				GCC_WARN_UNINITIALIZED_AUTOS = YES_AGGRESSIVE;
				GCC_WARN_UNUSED_FUNCTION = YES;
				GCC_WARN_UNUSED_VARIABLE = YES;
				IPHONEOS_DEPLOYMENT_TARGET = 14.0;
				MTL_ENABLE_DEBUG_INFO = NO;
				MTL_FAST_MATH = YES;
				SDKROOT = iphoneos;
				SWIFT_COMPILATION_MODE = wholemodule;
				SWIFT_OPTIMIZATION_LEVEL = "-O";
				VALIDATE_PRODUCT = YES;
			};
			name = Release;
		};
		84B7E777258BAE730057C298 /* Debug */ = {
			isa = XCBuildConfiguration;
			baseConfigurationReference = 48281DD076ED5072FA26B069 /* Pods-Lyric.debug.xcconfig */;
			buildSettings = {
				ASSETCATALOG_COMPILER_APPICON_NAME = AppIcon;
				ASSETCATALOG_COMPILER_GLOBAL_ACCENT_COLOR_NAME = AccentColor;
				CODE_SIGN_STYLE = Automatic;
				INFOPLIST_FILE = Lyric/Info.plist;
				LD_RUNPATH_SEARCH_PATHS = (
					"$(inherited)",
					"@executable_path/Frameworks",
				);
				PRODUCT_BUNDLE_IDENTIFIER = edu.northeastern.terry.Lyric;
				PRODUCT_NAME = "$(TARGET_NAME)";
				SWIFT_VERSION = 5.0;
				TARGETED_DEVICE_FAMILY = "1,2";
			};
			name = Debug;
		};
		84B7E778258BAE730057C298 /* Release */ = {
			isa = XCBuildConfiguration;
			baseConfigurationReference = BBD6D0661F91EB6DA28B7AE3 /* Pods-Lyric.release.xcconfig */;
			buildSettings = {
				ASSETCATALOG_COMPILER_APPICON_NAME = AppIcon;
				ASSETCATALOG_COMPILER_GLOBAL_ACCENT_COLOR_NAME = AccentColor;
				CODE_SIGN_STYLE = Automatic;
				INFOPLIST_FILE = Lyric/Info.plist;
				LD_RUNPATH_SEARCH_PATHS = (
					"$(inherited)",
					"@executable_path/Frameworks",
				);
				PRODUCT_BUNDLE_IDENTIFIER = edu.northeastern.terry.Lyric;
				PRODUCT_NAME = "$(TARGET_NAME)";
				SWIFT_VERSION = 5.0;
				TARGETED_DEVICE_FAMILY = "1,2";
			};
			name = Release;
		};
/* End XCBuildConfiguration section */

/* Begin XCConfigurationList section */
		84B7E75D258BAE720057C298 /* Build configuration list for PBXProject "Lyric" */ = {
			isa = XCConfigurationList;
			buildConfigurations = (
				84B7E774258BAE730057C298 /* Debug */,
				84B7E775258BAE730057C298 /* Release */,
			);
			defaultConfigurationIsVisible = 0;
			defaultConfigurationName = Release;
		};
		84B7E776258BAE730057C298 /* Build configuration list for PBXNativeTarget "Lyric" */ = {
			isa = XCConfigurationList;
			buildConfigurations = (
				84B7E777258BAE730057C298 /* Debug */,
				84B7E778258BAE730057C298 /* Release */,
			);
			defaultConfigurationIsVisible = 0;
			defaultConfigurationName = Release;
		};
/* End XCConfigurationList section */
	};
	rootObject = 84B7E75A258BAE720057C298 /* Project object */;
}
